// !$*UTF8*$!
{
	archiveVersion = 1;
	classes = {
	};
	objectVersion = 50;
	objects = {

/* Begin PBXBuildFile section */
		1E4B6D5720E3AB8A00DCEA9A /* DataModel.xcdatamodeld in Sources */ = {isa = PBXBuildFile; fileRef = 1E4B6D5520E3AB8A00DCEA9A /* DataModel.xcdatamodeld */; };
		1E4B6D7A20F359E300DCEA9A /* CategoryViewController.swift in Sources */ = {isa = PBXBuildFile; fileRef = 1E4B6D7920F359E300DCEA9A /* CategoryViewController.swift */; };
		1E842ED420C54DBF00E281E8 /* AppDelegate.swift in Sources */ = {isa = PBXBuildFile; fileRef = 1E842ED320C54DBF00E281E8 /* AppDelegate.swift */; };
		1E842ED620C54DBF00E281E8 /* ToDoListViewController.swift in Sources */ = {isa = PBXBuildFile; fileRef = 1E842ED520C54DBF00E281E8 /* ToDoListViewController.swift */; };
		1E842ED920C54DBF00E281E8 /* Main.storyboard in Resources */ = {isa = PBXBuildFile; fileRef = 1E842ED720C54DBF00E281E8 /* Main.storyboard */; };
		1E842EDB20C54DC100E281E8 /* Assets.xcassets in Resources */ = {isa = PBXBuildFile; fileRef = 1E842EDA20C54DC100E281E8 /* Assets.xcassets */; };
		1E842EDE20C54DC100E281E8 /* LaunchScreen.storyboard in Resources */ = {isa = PBXBuildFile; fileRef = 1E842EDC20C54DC100E281E8 /* LaunchScreen.storyboard */; };
/* End PBXBuildFile section */

/* Begin PBXFileReference section */
		1E4B6D5620E3AB8A00DCEA9A /* DataModel.xcdatamodel */ = {isa = PBXFileReference; lastKnownFileType = wrapper.xcdatamodel; path = DataModel.xcdatamodel; sourceTree = "<group>"; };
		1E4B6D7920F359E300DCEA9A /* CategoryViewController.swift */ = {isa = PBXFileReference; lastKnownFileType = sourcecode.swift; path = CategoryViewController.swift; sourceTree = "<group>"; };
		1E842ED020C54DBF00E281E8 /* Todoey.app */ = {isa = PBXFileReference; explicitFileType = wrapper.application; includeInIndex = 0; path = Todoey.app; sourceTree = BUILT_PRODUCTS_DIR; };
		1E842ED320C54DBF00E281E8 /* AppDelegate.swift */ = {isa = PBXFileReference; lastKnownFileType = sourcecode.swift; path = AppDelegate.swift; sourceTree = "<group>"; };
		1E842ED520C54DBF00E281E8 /* ToDoListViewController.swift */ = {isa = PBXFileReference; lastKnownFileType = sourcecode.swift; path = ToDoListViewController.swift; sourceTree = "<group>"; };
		1E842ED820C54DBF00E281E8 /* Base */ = {isa = PBXFileReference; lastKnownFileType = file.storyboard; name = Base; path = Base.lproj/Main.storyboard; sourceTree = "<group>"; };
		1E842EDA20C54DC100E281E8 /* Assets.xcassets */ = {isa = PBXFileReference; lastKnownFileType = folder.assetcatalog; path = Assets.xcassets; sourceTree = "<group>"; };
		1E842EDD20C54DC100E281E8 /* Base */ = {isa = PBXFileReference; lastKnownFileType = file.storyboard; name = Base; path = Base.lproj/LaunchScreen.storyboard; sourceTree = "<group>"; };
		1E842EDF20C54DC100E281E8 /* Info.plist */ = {isa = PBXFileReference; lastKnownFileType = text.plist.xml; path = Info.plist; sourceTree = "<group>"; };
/* End PBXFileReference section */

/* Begin PBXFrameworksBuildPhase section */
		1E842ECD20C54DBF00E281E8 /* Frameworks */ = {
			isa = PBXFrameworksBuildPhase;
			buildActionMask = 2147483647;
			files = (
			);
			runOnlyForDeploymentPostprocessing = 0;
		};
/* End PBXFrameworksBuildPhase section */

/* Begin PBXGroup section */
		1E4B6D5120DA498100DCEA9A /* Data Model */ = {
			isa = PBXGroup;
			children = (
				1E4B6D5520E3AB8A00DCEA9A /* DataModel.xcdatamodeld */,
			);
			path = "Data Model";
			sourceTree = "<group>";
		};
		1E4B6D5220DA49AE00DCEA9A /* Controllers */ = {
			isa = PBXGroup;
			children = (
				1E4B6D7920F359E300DCEA9A /* CategoryViewController.swift */,
				1E842ED520C54DBF00E281E8 /* ToDoListViewController.swift */,
			);
			path = Controllers;
			sourceTree = "<group>";
		};
		1E4B6D5320DA49DB00DCEA9A /* Views */ = {
			isa = PBXGroup;
			children = (
				1E842ED720C54DBF00E281E8 /* Main.storyboard */,
			);
			path = Views;
			sourceTree = "<group>";
		};
		1E4B6D5420DA4A1100DCEA9A /* Supporting Files */ = {
			isa = PBXGroup;
			children = (
				1E842EDA20C54DC100E281E8 /* Assets.xcassets */,
				1E842EDC20C54DC100E281E8 /* LaunchScreen.storyboard */,
			);
			path = "Supporting Files";
			sourceTree = "<group>";
		};
		1E842EC720C54DBF00E281E8 = {
			isa = PBXGroup;
			children = (
				1E842ED220C54DBF00E281E8 /* Todoey */,
				1E842ED120C54DBF00E281E8 /* Products */,
			);
			sourceTree = "<group>";
		};
		1E842ED120C54DBF00E281E8 /* Products */ = {
			isa = PBXGroup;
			children = (
				1E842ED020C54DBF00E281E8 /* Todoey.app */,
			);
			name = Products;
			sourceTree = "<group>";
		};
		1E842ED220C54DBF00E281E8 /* Todoey */ = {
			isa = PBXGroup;
			children = (
				1E842ED320C54DBF00E281E8 /* AppDelegate.swift */,
				1E4B6D5220DA49AE00DCEA9A /* Controllers */,
				1E4B6D5120DA498100DCEA9A /* Data Model */,
				1E4B6D5320DA49DB00DCEA9A /* Views */,
				1E4B6D5420DA4A1100DCEA9A /* Supporting Files */,
				1E842EDF20C54DC100E281E8 /* Info.plist */,
			);
			path = Todoey;
			sourceTree = "<group>";
		};
/* End PBXGroup section */

/* Begin PBXNativeTarget section */
		1E842ECF20C54DBF00E281E8 /* Todoey */ = {
			isa = PBXNativeTarget;
			buildConfigurationList = 1E842EE220C54DC100E281E8 /* Build configuration list for PBXNativeTarget "Todoey" */;
			buildPhases = (
				1E842ECC20C54DBF00E281E8 /* Sources */,
				1E842ECD20C54DBF00E281E8 /* Frameworks */,
				1E842ECE20C54DBF00E281E8 /* Resources */,
			);
			buildRules = (
			);
			dependencies = (
			);
			name = Todoey;
			productName = Todoey;
			productReference = 1E842ED020C54DBF00E281E8 /* Todoey.app */;
			productType = "com.apple.product-type.application";
		};
/* End PBXNativeTarget section */

/* Begin PBXProject section */
		1E842EC820C54DBF00E281E8 /* Project object */ = {
			isa = PBXProject;
			attributes = {
				LastSwiftUpdateCheck = 0940;
				LastUpgradeCheck = 0940;
				ORGANIZATIONNAME = "RAW Intelligence";
				TargetAttributes = {
					1E842ECF20C54DBF00E281E8 = {
						CreatedOnToolsVersion = 9.4;
					};
				};
			};
			buildConfigurationList = 1E842ECB20C54DBF00E281E8 /* Build configuration list for PBXProject "Todoey" */;
			compatibilityVersion = "Xcode 9.3";
			developmentRegion = en;
			hasScannedForEncodings = 0;
			knownRegions = (
				en,
				Base,
			);
			mainGroup = 1E842EC720C54DBF00E281E8;
			productRefGroup = 1E842ED120C54DBF00E281E8 /* Products */;
			projectDirPath = "";
			projectRoot = "";
			targets = (
				1E842ECF20C54DBF00E281E8 /* Todoey */,
			);
		};
/* End PBXProject section */

/* Begin PBXResourcesBuildPhase section */
		1E842ECE20C54DBF00E281E8 /* Resources */ = {
			isa = PBXResourcesBuildPhase;
			buildActionMask = 2147483647;
			files = (
				1E842EDE20C54DC100E281E8 /* LaunchScreen.storyboard in Resources */,
				1E842EDB20C54DC100E281E8 /* Assets.xcassets in Resources */,
				1E842ED920C54DBF00E281E8 /* Main.storyboard in Resources */,
			);
			runOnlyForDeploymentPostprocessing = 0;
		};
/* End PBXResourcesBuildPhase section */

/* Begin PBXSourcesBuildPhase section */
		1E842ECC20C54DBF00E281E8 /* Sources */ = {
			isa = PBXSourcesBuildPhase;
			buildActionMask = 2147483647;
			files = (
				1E4B6D7A20F359E300DCEA9A /* CategoryViewController.swift in Sources */,
				1E842ED620C54DBF00E281E8 /* ToDoListViewController.swift in Sources */,
				1E4B6D5720E3AB8A00DCEA9A /* DataModel.xcdatamodeld in Sources */,
				1E842ED420C54DBF00E281E8 /* AppDelegate.swift in Sources */,
			);
			runOnlyForDeploymentPostprocessing = 0;
		};
/* End PBXSourcesBuildPhase section */

/* Begin PBXVariantGroup section */
		1E842ED720C54DBF00E281E8 /* Main.storyboard */ = {
			isa = PBXVariantGroup;
			children = (
				1E842ED820C54DBF00E281E8 /* Base */,
			);
			name = Main.storyboard;
			sourceTree = "<group>";
		};
		1E842EDC20C54DC100E281E8 /* LaunchScreen.storyboard */ = {
			isa = PBXVariantGroup;
			children = (
				1E842EDD20C54DC100E281E8 /* Base */,
			);
			name = LaunchScreen.storyboard;
			sourceTree = "<group>";
		};
/* End PBXVariantGroup section */

/* Begin XCBuildConfiguration section */
		1E842EE020C54DC100E281E8 /* Debug */ = {
			isa = XCBuildConfiguration;
			buildSettings = {
				ALWAYS_SEARCH_USER_PATHS = NO;
				CLANG_ANALYZER_NONNULL = YES;
				CLANG_ANALYZER_NUMBER_OBJECT_CONVERSION = YES_AGGRESSIVE;
				CLANG_CXX_LANGUAGE_STANDARD = "gnu++14";
				CLANG_CXX_LIBRARY = "libc++";
				CLANG_ENABLE_MODULES = YES;
				CLANG_ENABLE_OBJC_ARC = YES;
				CLANG_ENABLE_OBJC_WEAK = YES;
				CLANG_WARN_BLOCK_CAPTURE_AUTORELEASING = YES;
				CLANG_WARN_BOOL_CONVERSION = YES;
				CLANG_WARN_COMMA = YES;
				CLANG_WARN_CONSTANT_CONVERSION = YES;
				CLANG_WARN_DEPRECATED_OBJC_IMPLEMENTATIONS = YES;
				CLANG_WARN_DIRECT_OBJC_ISA_USAGE = YES_ERROR;
				CLANG_WARN_DOCUMENTATION_COMMENTS = YES;
				CLANG_WARN_EMPTY_BODY = YES;
				CLANG_WARN_ENUM_CONVERSION = YES;
				CLANG_WARN_INFINITE_RECURSION = YES;
				CLANG_WARN_INT_CONVERSION = YES;
				CLANG_WARN_NON_LITERAL_NULL_CONVERSION = YES;
				CLANG_WARN_OBJC_IMPLICIT_RETAIN_SELF = YES;
				CLANG_WARN_OBJC_LITERAL_CONVERSION = YES;
				CLANG_WARN_OBJC_ROOT_CLASS = YES_ERROR;
				CLANG_WARN_RANGE_LOOP_ANALYSIS = YES;
				CLANG_WARN_STRICT_PROTOTYPES = YES;
				CLANG_WARN_SUSPICIOUS_MOVE = YES;
				CLANG_WARN_UNGUARDED_AVAILABILITY = YES_AGGRESSIVE;
				CLANG_WARN_UNREACHABLE_CODE = YES;
				CLANG_WARN__DUPLICATE_METHOD_MATCH = YES;
				CODE_SIGN_IDENTITY = "iPhone Developer";
				COPY_PHASE_STRIP = NO;
				DEBUG_INFORMATION_FORMAT = dwarf;
				ENABLE_STRICT_OBJC_MSGSEND = YES;
				ENABLE_TESTABILITY = YES;
				GCC_C_LANGUAGE_STANDARD = gnu11;
				GCC_DYNAMIC_NO_PIC = NO;
				GCC_NO_COMMON_BLOCKS = YES;
				GCC_OPTIMIZATION_LEVEL = 0;
				GCC_PREPROCESSOR_DEFINITIONS = (
					"DEBUG=1",
					"$(inherited)",
				);
				GCC_WARN_64_TO_32_BIT_CONVERSION = YES;
				GCC_WARN_ABOUT_RETURN_TYPE = YES_ERROR;
				GCC_WARN_UNDECLARED_SELECTOR = YES;
				GCC_WARN_UNINITIALIZED_AUTOS = YES_AGGRESSIVE;
				GCC_WARN_UNUSED_FUNCTION = YES;
				GCC_WARN_UNUSED_VARIABLE = YES;
				IPHONEOS_DEPLOYMENT_TARGET = 11.4;
				MTL_ENABLE_DEBUG_INFO = YES;
				ONLY_ACTIVE_ARCH = YES;
				SDKROOT = iphoneos;
				SWIFT_ACTIVE_COMPILATION_CONDITIONS = DEBUG;
				SWIFT_OPTIMIZATION_LEVEL = "-Onone";
			};
			name = Debug;
		};
		1E842EE120C54DC100E281E8 /* Release */ = {
			isa = XCBuildConfiguration;
			buildSettings = {
				ALWAYS_SEARCH_USER_PATHS = NO;
				CLANG_ANALYZER_NONNULL = YES;
				CLANG_ANALYZER_NUMBER_OBJECT_CONVERSION = YES_AGGRESSIVE;
				CLANG_CXX_LANGUAGE_STANDARD = "gnu++14";
				CLANG_CXX_LIBRARY = "libc++";
				CLANG_ENABLE_MODULES = YES;
				CLANG_ENABLE_OBJC_ARC = YES;
				CLANG_ENABLE_OBJC_WEAK = YES;
				CLANG_WARN_BLOCK_CAPTURE_AUTORELEASING = YES;
				CLANG_WARN_BOOL_CONVERSION = YES;
				CLANG_WARN_COMMA = YES;
				CLANG_WARN_CONSTANT_CONVERSION = YES;
				CLANG_WARN_DEPRECATED_OBJC_IMPLEMENTATIONS = YES;
				CLANG_WARN_DIRECT_OBJC_ISA_USAGE = YES_ERROR;
				CLANG_WARN_DOCUMENTATION_COMMENTS = YES;
				CLANG_WARN_EMPTY_BODY = YES;
				CLANG_WARN_ENUM_CONVERSION = YES;
				CLANG_WARN_INFINITE_RECURSION = YES;
				CLANG_WARN_INT_CONVERSION = YES;
				CLANG_WARN_NON_LITERAL_NULL_CONVERSION = YES;
				CLANG_WARN_OBJC_IMPLICIT_RETAIN_SELF = YES;
				CLANG_WARN_OBJC_LITERAL_CONVERSION = YES;
				CLANG_WARN_OBJC_ROOT_CLASS = YES_ERROR;
				CLANG_WARN_RANGE_LOOP_ANALYSIS = YES;
				CLANG_WARN_STRICT_PROTOTYPES = YES;
				CLANG_WARN_SUSPICIOUS_MOVE = YES;
				CLANG_WARN_UNGUARDED_AVAILABILITY = YES_AGGRESSIVE;
				CLANG_WARN_UNREACHABLE_CODE = YES;
				CLANG_WARN__DUPLICATE_METHOD_MATCH = YES;
				CODE_SIGN_IDENTITY = "iPhone Developer";
				COPY_PHASE_STRIP = NO;
				DEBUG_INFORMATION_FORMAT = "dwarf-with-dsym";
				ENABLE_NS_ASSERTIONS = NO;
				ENABLE_STRICT_OBJC_MSGSEND = YES;
				GCC_C_LANGUAGE_STANDARD = gnu11;
				GCC_NO_COMMON_BLOCKS = YES;
				GCC_WARN_64_TO_32_BIT_CONVERSION = YES;
				GCC_WARN_ABOUT_RETURN_TYPE = YES_ERROR;
				GCC_WARN_UNDECLARED_SELECTOR = YES;
				GCC_WARN_UNINITIALIZED_AUTOS = YES_AGGRESSIVE;
				GCC_WARN_UNUSED_FUNCTION = YES;
				GCC_WARN_UNUSED_VARIABLE = YES;
				IPHONEOS_DEPLOYMENT_TARGET = 11.4;
				MTL_ENABLE_DEBUG_INFO = NO;
				SDKROOT = iphoneos;
				SWIFT_COMPILATION_MODE = wholemodule;
				SWIFT_OPTIMIZATION_LEVEL = "-O";
				VALIDATE_PRODUCT = YES;
			};
			name = Release;
		};
		1E842EE320C54DC100E281E8 /* Debug */ = {
			isa = XCBuildConfiguration;
			buildSettings = {
				ASSETCATALOG_COMPILER_APPICON_NAME = AppIcon;
				CODE_SIGN_STYLE = Automatic;
				INFOPLIST_FILE = Todoey/Info.plist;
				LD_RUNPATH_SEARCH_PATHS = (
					"$(inherited)",
					"@executable_path/Frameworks",
				);
				PRODUCT_BUNDLE_IDENTIFIER = com.RAWIntelligence.Todoey;
				PRODUCT_NAME = "$(TARGET_NAME)";
				SWIFT_VERSION = 4.0;
				TARGETED_DEVICE_FAMILY = "1,2";
			};
			name = Debug;
		};
		1E842EE420C54DC100E281E8 /* Release */ = {
			isa = XCBuildConfiguration;
			buildSettings = {
				ASSETCATALOG_COMPILER_APPICON_NAME = AppIcon;
				CODE_SIGN_STYLE = Automatic;
				INFOPLIST_FILE = Todoey/Info.plist;
				LD_RUNPATH_SEARCH_PATHS = (
					"$(inherited)",
					"@executable_path/Frameworks",
				);
				PRODUCT_BUNDLE_IDENTIFIER = com.RAWIntelligence.Todoey;
				PRODUCT_NAME = "$(TARGET_NAME)";
				SWIFT_VERSION = 4.0;
				TARGETED_DEVICE_FAMILY = "1,2";
			};
			name = Release;
		};
/* End XCBuildConfiguration section */

/* Begin XCConfigurationList section */
		1E842ECB20C54DBF00E281E8 /* Build configuration list for PBXProject "Todoey" */ = {
			isa = XCConfigurationList;
			buildConfigurations = (
				1E842EE020C54DC100E281E8 /* Debug */,
				1E842EE120C54DC100E281E8 /* Release */,
			);
			defaultConfigurationIsVisible = 0;
			defaultConfigurationName = Release;
		};
		1E842EE220C54DC100E281E8 /* Build configuration list for PBXNativeTarget "Todoey" */ = {
			isa = XCConfigurationList;
			buildConfigurations = (
				1E842EE320C54DC100E281E8 /* Debug */,
				1E842EE420C54DC100E281E8 /* Release */,
			);
			defaultConfigurationIsVisible = 0;
			defaultConfigurationName = Release;
		};
/* End XCConfigurationList section */

/* Begin XCVersionGroup section */
		1E4B6D5520E3AB8A00DCEA9A /* DataModel.xcdatamodeld */ = {
			isa = XCVersionGroup;
			children = (
				1E4B6D5620E3AB8A00DCEA9A /* DataModel.xcdatamodel */,
			);
			currentVersion = 1E4B6D5620E3AB8A00DCEA9A /* DataModel.xcdatamodel */;
			path = DataModel.xcdatamodeld;
			sourceTree = "<group>";
			versionGroupType = wrapper.xcdatamodel;
		};
/* End XCVersionGroup section */
	};
	rootObject = 1E842EC820C54DBF00E281E8 /* Project object */;
}
